PODS:
  - BuddyBuildSDK (1.0.15)
  - SimulatorRemoteNotifications (0.0.3)

DEPENDENCIES:
  - BuddyBuildSDK
  - SimulatorRemoteNotifications (~> 0.0.3)

SPEC CHECKSUMS:
  BuddyBuildSDK: b3038125612b1ad389c2aa89e4787dcb75cac89a
  SimulatorRemoteNotifications: 1610643e0582b2af67bc254b071ace4077e8ef86

PODFILE CHECKSUM: 1dfbe79c5873007b6ff10bba0fba4a4e50bdb35b

COCOAPODS: 1.2.1
